# Direct, decision-relevant packages for the pinned serving recipe.
# Transitive runtime constraints are owned by vLLM 0.27.1.
vllm==0.27.1
transformers==5.15.0
tokenizers==0.22.2
compressed-tensors==0.17.0
huggingface_hub==1.27.0
hf_transfer==0.1.9
ninja==1.13.0
pandas==3.0.5
flashinfer-python==0.6.16.post3
flashinfer-cubin==0.6.13
Pillow==12.2.0
